
Microsoft Visual Studio Solution File, Format Version 12.00
# Visual Studio Version 17
VisualStudioVersion = 17.3.32819.101
MinimumVisualStudioVersion = 10.0.40219.1
Project("{FAE04EC0-301F-11D3-BF4B-00C04F79EFBC}") = "Uppgift 4.22", "Uppgift 4.22\Uppgift 4.22.csproj", "{9282DE17-B2F2-4B84-9540-422831A40694}"
EndProject
Global
	GlobalSection(SolutionConfigurationPlatforms) = preSolution
		Debug|Any CPU = Debug|Any CPU
		Release|Any CPU = Release|Any CPU
	EndGlobalSection
	GlobalSection(ProjectConfigurationPlatforms) = postSolution
		{9282DE17-B2F2-4B84-9540-422831A40694}.Debug|Any CPU.ActiveCfg = Debug|Any CPU
		{9282DE17-B2F2-4B84-9540-422831A40694}.Debug|Any CPU.Build.0 = Debug|Any CPU
		{9282DE17-B2F2-4B84-9540-422831A40694}.Release|Any CPU.ActiveCfg = Release|Any CPU
		{9282DE17-B2F2-4B84-9540-422831A40694}.Release|Any CPU.Build.0 = Release|Any CPU
	EndGlobalSection
	GlobalSection(SolutionProperties) = preSolution
		HideSolutionNode = FALSE
	EndGlobalSection
	GlobalSection(ExtensibilityGlobals) = postSolution
		SolutionGuid = {7CFF5508-F075-4AAA-810B-B50D62BA04C0}
	EndGlobalSection
EndGlobal
